
Microsoft Visual Studio Solution File, Format Version 12.00
# Visual Studio 2012
Project("{8BC9CEB8-8B4A-11D0-8D11-00A0C91BC942}") = "12306Client_MFC", "12306Client_MFC\12306Client_MFC.vcxproj", "{6855A594-5AD9-4AE7-8D67-7AB611ABD19F}"
EndProject
Global
	GlobalSection(SolutionConfigurationPlatforms) = preSolution
		Debug|Win32 = Debug|Win32
		Release|Win32 = Release|Win32
	EndGlobalSection
	GlobalSection(ProjectConfigurationPlatforms) = postSolution
		{6855A594-5AD9-4AE7-8D67-7AB611ABD19F}.Debug|Win32.ActiveCfg = Debug|Win32
		{6855A594-5AD9-4AE7-8D67-7AB611ABD19F}.Debug|Win32.Build.0 = Debug|Win32
		{6855A594-5AD9-4AE7-8D67-7AB611ABD19F}.Release|Win32.ActiveCfg = Release|Win32
		{6855A594-5AD9-4AE7-8D67-7AB611ABD19F}.Release|Win32.Build.0 = Release|Win32
	EndGlobalSection
	GlobalSection(SolutionProperties) = preSolution
		HideSolutionNode = FALSE
	EndGlobalSection
EndGlobal
